
Microsoft Visual Studio Solution File, Format Version 12.00
Project("{FAE04EC0-301F-11D3-BF4B-00C04F79EFBC}") = "Chat.Api", "Chat.Api\Chat.Api.csproj", "{1D8EE1B7-7BBE-458D-937C-6079A784020C}"
EndProject
Project("{FAE04EC0-301F-11D3-BF4B-00C04F79EFBC}") = "Chat.Common", "Chat.Common\Chat.Common.csproj", "{5F184473-4E9D-48A8-8C02-C5F14CF13679}"
EndProject
Project("{FAE04EC0-301F-11D3-BF4B-00C04F79EFBC}") = "Chat.Core", "Chat.Core\Chat.Core.csproj", "{FF69A138-9065-4831-8789-2D4C3A42CC33}"
EndProject
Project("{FAE04EC0-301F-11D3-BF4B-00C04F79EFBC}") = "Chat.Database", "Chat.Database\Chat.Database.csproj", "{C35840B3-BC2E-48FB-A771-091B8AA5D404}"
EndProject
Global
	GlobalSection(SolutionConfigurationPlatforms) = preSolution
		Debug|Any CPU = Debug|Any CPU
		Release|Any CPU = Release|Any CPU
	EndGlobalSection
	GlobalSection(ProjectConfigurationPlatforms) = postSolution
		{1D8EE1B7-7BBE-458D-937C-6079A784020C}.Debug|Any CPU.ActiveCfg = Debug|Any CPU
		{1D8EE1B7-7BBE-458D-937C-6079A784020C}.Debug|Any CPU.Build.0 = Debug|Any CPU
		{1D8EE1B7-7BBE-458D-937C-6079A784020C}.Release|Any CPU.ActiveCfg = Release|Any CPU
		{1D8EE1B7-7BBE-458D-937C-6079A784020C}.Release|Any CPU.Build.0 = Release|Any CPU
		{5F184473-4E9D-48A8-8C02-C5F14CF13679}.Debug|Any CPU.ActiveCfg = Debug|Any CPU
		{5F184473-4E9D-48A8-8C02-C5F14CF13679}.Debug|Any CPU.Build.0 = Debug|Any CPU
		{5F184473-4E9D-48A8-8C02-C5F14CF13679}.Release|Any CPU.ActiveCfg = Release|Any CPU
		{5F184473-4E9D-48A8-8C02-C5F14CF13679}.Release|Any CPU.Build.0 = Release|Any CPU
		{FF69A138-9065-4831-8789-2D4C3A42CC33}.Debug|Any CPU.ActiveCfg = Debug|Any CPU
		{FF69A138-9065-4831-8789-2D4C3A42CC33}.Debug|Any CPU.Build.0 = Debug|Any CPU
		{FF69A138-9065-4831-8789-2D4C3A42CC33}.Release|Any CPU.ActiveCfg = Release|Any CPU
		{FF69A138-9065-4831-8789-2D4C3A42CC33}.Release|Any CPU.Build.0 = Release|Any CPU
		{C35840B3-BC2E-48FB-A771-091B8AA5D404}.Debug|Any CPU.ActiveCfg = Debug|Any CPU
		{C35840B3-BC2E-48FB-A771-091B8AA5D404}.Debug|Any CPU.Build.0 = Debug|Any CPU
		{C35840B3-BC2E-48FB-A771-091B8AA5D404}.Release|Any CPU.ActiveCfg = Release|Any CPU
		{C35840B3-BC2E-48FB-A771-091B8AA5D404}.Release|Any CPU.Build.0 = Release|Any CPU
	EndGlobalSection
EndGlobal
